
Microsoft Visual Studio Solution File, Format Version 12.00
# Visual Studio 15
VisualStudioVersion = 15.0.28307.168
MinimumVisualStudioVersion = 10.0.40219.1
Project("{888888A0-9F3D-457C-B088-3A5042F75D52}") = "AutomatedTrainProcessing", "AutomatedTrainProcessing\AutomatedTrainProcessing.pyproj", "{D94204C5-E8A0-4C80-9298-0CFD5EE5D9FB}"
EndProject
Global
	GlobalSection(SolutionConfigurationPlatforms) = preSolution
		Debug|Any CPU = Debug|Any CPU
		Release|Any CPU = Release|Any CPU
	EndGlobalSection
	GlobalSection(ProjectConfigurationPlatforms) = postSolution
		{D94204C5-E8A0-4C80-9298-0CFD5EE5D9FB}.Debug|Any CPU.ActiveCfg = Debug|Any CPU
		{D94204C5-E8A0-4C80-9298-0CFD5EE5D9FB}.Release|Any CPU.ActiveCfg = Release|Any CPU
	EndGlobalSection
	GlobalSection(SolutionProperties) = preSolution
		HideSolutionNode = FALSE
	EndGlobalSection
	GlobalSection(ExtensibilityGlobals) = postSolution
		SolutionGuid = {25FC2BE6-BB3B-4D23-9BC4-A534E5BA7157}
	EndGlobalSection
EndGlobal
